// !$*UTF8*$!
{
	archiveVersion = 1;
	classes = {
	};
	objectVersion = 50;
	objects = {

/* Begin PBXBuildFile section */
		300550732393FE600029BC49 /* CircleChart.swift in Sources */ = {isa = PBXBuildFile; fileRef = 300550722393FE600029BC49 /* CircleChart.swift */; };
		30E7104C239243B70076EE93 /* AppDelegate.swift in Sources */ = {isa = PBXBuildFile; fileRef = 30E7104B239243B70076EE93 /* AppDelegate.swift */; };
		30E7104E239243B70076EE93 /* SceneDelegate.swift in Sources */ = {isa = PBXBuildFile; fileRef = 30E7104D239243B70076EE93 /* SceneDelegate.swift */; };
		30E71050239243B70076EE93 /* ContentView.swift in Sources */ = {isa = PBXBuildFile; fileRef = 30E7104F239243B70076EE93 /* ContentView.swift */; };
		30E71052239243B90076EE93 /* Assets.xcassets in Resources */ = {isa = PBXBuildFile; fileRef = 30E71051239243B90076EE93 /* Assets.xcassets */; };
		30E71055239243B90076EE93 /* Preview Assets.xcassets in Resources */ = {isa = PBXBuildFile; fileRef = 30E71054239243B90076EE93 /* Preview Assets.xcassets */; };
		30E71058239243B90076EE93 /* LaunchScreen.storyboard in Resources */ = {isa = PBXBuildFile; fileRef = 30E71056239243B90076EE93 /* LaunchScreen.storyboard */; };
		30E71063239243B90076EE93 /* kangweiTests.swift in Sources */ = {isa = PBXBuildFile; fileRef = 30E71062239243B90076EE93 /* kangweiTests.swift */; };
		30E7106E239243B90076EE93 /* kangweiUITests.swift in Sources */ = {isa = PBXBuildFile; fileRef = 30E7106D239243B90076EE93 /* kangweiUITests.swift */; };
		30E7107C239245B60076EE93 /* Data.swift in Sources */ = {isa = PBXBuildFile; fileRef = 30E7107B239245B60076EE93 /* Data.swift */; };
		30E7107E23924A910076EE93 /* EventRow.swift in Sources */ = {isa = PBXBuildFile; fileRef = 30E7107D23924A910076EE93 /* EventRow.swift */; };
		30E7108023925F560076EE93 /* EventEditor.swift in Sources */ = {isa = PBXBuildFile; fileRef = 30E7107F23925F560076EE93 /* EventEditor.swift */; };
		30E71082239380B10076EE93 /* PieChart.swift in Sources */ = {isa = PBXBuildFile; fileRef = 30E71081239380B10076EE93 /* PieChart.swift */; };
/* End PBXBuildFile section */

/* Begin PBXContainerItemProxy section */
		30E7105F239243B90076EE93 /* PBXContainerItemProxy */ = {
			isa = PBXContainerItemProxy;
			containerPortal = 30E71040239243B70076EE93 /* Project object */;
			proxyType = 1;
			remoteGlobalIDString = 30E71047239243B70076EE93;
			remoteInfo = kangwei;
		};
		30E7106A239243B90076EE93 /* PBXContainerItemProxy */ = {
			isa = PBXContainerItemProxy;
			containerPortal = 30E71040239243B70076EE93 /* Project object */;
			proxyType = 1;
			remoteGlobalIDString = 30E71047239243B70076EE93;
			remoteInfo = kangwei;
		};
/* End PBXContainerItemProxy section */

/* Begin PBXFileReference section */
		300550722393FE600029BC49 /* CircleChart.swift */ = {isa = PBXFileReference; lastKnownFileType = sourcecode.swift; path = CircleChart.swift; sourceTree = "<group>"; };
		30E71048239243B70076EE93 /* kangwei.app */ = {isa = PBXFileReference; explicitFileType = wrapper.application; includeInIndex = 0; path = kangwei.app; sourceTree = BUILT_PRODUCTS_DIR; };
		30E7104B239243B70076EE93 /* AppDelegate.swift */ = {isa = PBXFileReference; lastKnownFileType = sourcecode.swift; path = AppDelegate.swift; sourceTree = "<group>"; };
		30E7104D239243B70076EE93 /* SceneDelegate.swift */ = {isa = PBXFileReference; lastKnownFileType = sourcecode.swift; path = SceneDelegate.swift; sourceTree = "<group>"; };
		30E7104F239243B70076EE93 /* ContentView.swift */ = {isa = PBXFileReference; lastKnownFileType = sourcecode.swift; path = ContentView.swift; sourceTree = "<group>"; };
		30E71051239243B90076EE93 /* Assets.xcassets */ = {isa = PBXFileReference; lastKnownFileType = folder.assetcatalog; path = Assets.xcassets; sourceTree = "<group>"; };
		30E71054239243B90076EE93 /* Preview Assets.xcassets */ = {isa = PBXFileReference; lastKnownFileType = folder.assetcatalog; path = "Preview Assets.xcassets"; sourceTree = "<group>"; };
		30E71057239243B90076EE93 /* Base */ = {isa = PBXFileReference; lastKnownFileType = file.storyboard; name = Base; path = Base.lproj/LaunchScreen.storyboard; sourceTree = "<group>"; };
		30E71059239243B90076EE93 /* Info.plist */ = {isa = PBXFileReference; lastKnownFileType = text.plist.xml; path = Info.plist; sourceTree = "<group>"; };
		30E7105E239243B90076EE93 /* kangweiTests.xctest */ = {isa = PBXFileReference; explicitFileType = wrapper.cfbundle; includeInIndex = 0; path = kangweiTests.xctest; sourceTree = BUILT_PRODUCTS_DIR; };
		30E71062239243B90076EE93 /* kangweiTests.swift */ = {isa = PBXFileReference; lastKnownFileType = sourcecode.swift; path = kangweiTests.swift; sourceTree = "<group>"; };
		30E71064239243B90076EE93 /* Info.plist */ = {isa = PBXFileReference; lastKnownFileType = text.plist.xml; path = Info.plist; sourceTree = "<group>"; };
		30E71069239243B90076EE93 /* kangweiUITests.xctest */ = {isa = PBXFileReference; explicitFileType = wrapper.cfbundle; includeInIndex = 0; path = kangweiUITests.xctest; sourceTree = BUILT_PRODUCTS_DIR; };
		30E7106D239243B90076EE93 /* kangweiUITests.swift */ = {isa = PBXFileReference; lastKnownFileType = sourcecode.swift; path = kangweiUITests.swift; sourceTree = "<group>"; };
		30E7106F239243B90076EE93 /* Info.plist */ = {isa = PBXFileReference; lastKnownFileType = text.plist.xml; path = Info.plist; sourceTree = "<group>"; };
		30E7107B239245B60076EE93 /* Data.swift */ = {isa = PBXFileReference; lastKnownFileType = sourcecode.swift; path = Data.swift; sourceTree = "<group>"; };
		30E7107D23924A910076EE93 /* EventRow.swift */ = {isa = PBXFileReference; lastKnownFileType = sourcecode.swift; path = EventRow.swift; sourceTree = "<group>"; };
		30E7107F23925F560076EE93 /* EventEditor.swift */ = {isa = PBXFileReference; lastKnownFileType = sourcecode.swift; path = EventEditor.swift; sourceTree = "<group>"; };
		30E71081239380B10076EE93 /* PieChart.swift */ = {isa = PBXFileReference; lastKnownFileType = sourcecode.swift; path = PieChart.swift; sourceTree = "<group>"; };
/* End PBXFileReference section */

/* Begin PBXFrameworksBuildPhase section */
		30E71045239243B70076EE93 /* Frameworks */ = {
			isa = PBXFrameworksBuildPhase;
			buildActionMask = 2147483647;
			files = (
			);
			runOnlyForDeploymentPostprocessing = 0;
		};
		30E7105B239243B90076EE93 /* Frameworks */ = {
			isa = PBXFrameworksBuildPhase;
			buildActionMask = 2147483647;
			files = (
			);
			runOnlyForDeploymentPostprocessing = 0;
		};
		30E71066239243B90076EE93 /* Frameworks */ = {
			isa = PBXFrameworksBuildPhase;
			buildActionMask = 2147483647;
			files = (
			);
			runOnlyForDeploymentPostprocessing = 0;
		};
/* End PBXFrameworksBuildPhase section */

/* Begin PBXGroup section */
		30E7103F239243B70076EE93 = {
			isa = PBXGroup;
			children = (
				30E7104A239243B70076EE93 /* kangwei */,
				30E71061239243B90076EE93 /* kangweiTests */,
				30E7106C239243B90076EE93 /* kangweiUITests */,
				30E71049239243B70076EE93 /* Products */,
			);
			sourceTree = "<group>";
		};
		30E71049239243B70076EE93 /* Products */ = {
			isa = PBXGroup;
			children = (
				30E71048239243B70076EE93 /* kangwei.app */,
				30E7105E239243B90076EE93 /* kangweiTests.xctest */,
				30E71069239243B90076EE93 /* kangweiUITests.xctest */,
			);
			name = Products;
			sourceTree = "<group>";
		};
		30E7104A239243B70076EE93 /* kangwei */ = {
			isa = PBXGroup;
			children = (
				30E7104B239243B70076EE93 /* AppDelegate.swift */,
				30E7104D239243B70076EE93 /* SceneDelegate.swift */,
				30E7104F239243B70076EE93 /* ContentView.swift */,
				30E71081239380B10076EE93 /* PieChart.swift */,
				30E7107F23925F560076EE93 /* EventEditor.swift */,
				30E7107D23924A910076EE93 /* EventRow.swift */,
				300550722393FE600029BC49 /* CircleChart.swift */,
				30E7107B239245B60076EE93 /* Data.swift */,
				30E71051239243B90076EE93 /* Assets.xcassets */,
				30E71056239243B90076EE93 /* LaunchScreen.storyboard */,
				30E71059239243B90076EE93 /* Info.plist */,
				30E71053239243B90076EE93 /* Preview Content */,
			);
			path = kangwei;
			sourceTree = "<group>";
		};
		30E71053239243B90076EE93 /* Preview Content */ = {
			isa = PBXGroup;
			children = (
				30E71054239243B90076EE93 /* Preview Assets.xcassets */,
			);
			path = "Preview Content";
			sourceTree = "<group>";
		};
		30E71061239243B90076EE93 /* kangweiTests */ = {
			isa = PBXGroup;
			children = (
				30E71062239243B90076EE93 /* kangweiTests.swift */,
				30E71064239243B90076EE93 /* Info.plist */,
			);
			path = kangweiTests;
			sourceTree = "<group>";
		};
		30E7106C239243B90076EE93 /* kangweiUITests */ = {
			isa = PBXGroup;
			children = (
				30E7106D239243B90076EE93 /* kangweiUITests.swift */,
				30E7106F239243B90076EE93 /* Info.plist */,
			);
			path = kangweiUITests;
			sourceTree = "<group>";
		};
/* End PBXGroup section */

/* Begin PBXNativeTarget section */
		30E71047239243B70076EE93 /* kangwei */ = {
			isa = PBXNativeTarget;
			buildConfigurationList = 30E71072239243B90076EE93 /* Build configuration list for PBXNativeTarget "kangwei" */;
			buildPhases = (
				30E71044239243B70076EE93 /* Sources */,
				30E71045239243B70076EE93 /* Frameworks */,
				30E71046239243B70076EE93 /* Resources */,
			);
			buildRules = (
			);
			dependencies = (
			);
			name = kangwei;
			productName = kangwei;
			productReference = 30E71048239243B70076EE93 /* kangwei.app */;
			productType = "com.apple.product-type.application";
		};
		30E7105D239243B90076EE93 /* kangweiTests */ = {
			isa = PBXNativeTarget;
			buildConfigurationList = 30E71075239243B90076EE93 /* Build configuration list for PBXNativeTarget "kangweiTests" */;
			buildPhases = (
				30E7105A239243B90076EE93 /* Sources */,
				30E7105B239243B90076EE93 /* Frameworks */,
				30E7105C239243B90076EE93 /* Resources */,
			);
			buildRules = (
			);
			dependencies = (
				30E71060239243B90076EE93 /* PBXTargetDependency */,
			);
			name = kangweiTests;
			productName = kangweiTests;
			productReference = 30E7105E239243B90076EE93 /* kangweiTests.xctest */;
			productType = "com.apple.product-type.bundle.unit-test";
		};
		30E71068239243B90076EE93 /* kangweiUITests */ = {
			isa = PBXNativeTarget;
			buildConfigurationList = 30E71078239243B90076EE93 /* Build configuration list for PBXNativeTarget "kangweiUITests" */;
			buildPhases = (
				30E71065239243B90076EE93 /* Sources */,
				30E71066239243B90076EE93 /* Frameworks */,
				30E71067239243B90076EE93 /* Resources */,
			);
			buildRules = (
			);
			dependencies = (
				30E7106B239243B90076EE93 /* PBXTargetDependency */,
			);
			name = kangweiUITests;
			productName = kangweiUITests;
			productReference = 30E71069239243B90076EE93 /* kangweiUITests.xctest */;
			productType = "com.apple.product-type.bundle.ui-testing";
		};
/* End PBXNativeTarget section */

/* Begin PBXProject section */
		30E71040239243B70076EE93 /* Project object */ = {
			isa = PBXProject;
			attributes = {
				LastSwiftUpdateCheck = 1120;
				LastUpgradeCheck = 1120;
				ORGANIZATIONNAME = kangwei;
				TargetAttributes = {
					30E71047239243B70076EE93 = {
						CreatedOnToolsVersion = 11.2;
					};
					30E7105D239243B90076EE93 = {
						CreatedOnToolsVersion = 11.2;
						TestTargetID = 30E71047239243B70076EE93;
					};
					30E71068239243B90076EE93 = {
						CreatedOnToolsVersion = 11.2;
						TestTargetID = 30E71047239243B70076EE93;
					};
				};
			};
			buildConfigurationList = 30E71043239243B70076EE93 /* Build configuration list for PBXProject "kangwei" */;
			compatibilityVersion = "Xcode 9.3";
			developmentRegion = en;
			hasScannedForEncodings = 0;
			knownRegions = (
				en,
				Base,
			);
			mainGroup = 30E7103F239243B70076EE93;
			productRefGroup = 30E71049239243B70076EE93 /* Products */;
			projectDirPath = "";
			projectRoot = "";
			targets = (
				30E71047239243B70076EE93 /* kangwei */,
				30E7105D239243B90076EE93 /* kangweiTests */,
				30E71068239243B90076EE93 /* kangweiUITests */,
			);
		};
/* End PBXProject section */

/* Begin PBXResourcesBuildPhase section */
		30E71046239243B70076EE93 /* Resources */ = {
			isa = PBXResourcesBuildPhase;
			buildActionMask = 2147483647;
			files = (
				30E71058239243B90076EE93 /* LaunchScreen.storyboard in Resources */,
				30E71055239243B90076EE93 /* Preview Assets.xcassets in Resources */,
				30E71052239243B90076EE93 /* Assets.xcassets in Resources */,
			);
			runOnlyForDeploymentPostprocessing = 0;
		};
		30E7105C239243B90076EE93 /* Resources */ = {
			isa = PBXResourcesBuildPhase;
			buildActionMask = 2147483647;
			files = (
			);
			runOnlyForDeploymentPostprocessing = 0;
		};
		30E71067239243B90076EE93 /* Resources */ = {
			isa = PBXResourcesBuildPhase;
			buildActionMask = 2147483647;
			files = (
			);
			runOnlyForDeploymentPostprocessing = 0;
		};
/* End PBXResourcesBuildPhase section */

/* Begin PBXSourcesBuildPhase section */
		30E71044239243B70076EE93 /* Sources */ = {
			isa = PBXSourcesBuildPhase;
			buildActionMask = 2147483647;
			files = (
				300550732393FE600029BC49 /* CircleChart.swift in Sources */,
				30E7104C239243B70076EE93 /* AppDelegate.swift in Sources */,
				30E7104E239243B70076EE93 /* SceneDelegate.swift in Sources */,
				30E7107E23924A910076EE93 /* EventRow.swift in Sources */,
				30E71082239380B10076EE93 /* PieChart.swift in Sources */,
				30E71050239243B70076EE93 /* ContentView.swift in Sources */,
				30E7107C239245B60076EE93 /* Data.swift in Sources */,
				30E7108023925F560076EE93 /* EventEditor.swift in Sources */,
			);
			runOnlyForDeploymentPostprocessing = 0;
		};
		30E7105A239243B90076EE93 /* Sources */ = {
			isa = PBXSourcesBuildPhase;
			buildActionMask = 2147483647;
			files = (
				30E71063239243B90076EE93 /* kangweiTests.swift in Sources */,
			);
			runOnlyForDeploymentPostprocessing = 0;
		};
		30E71065239243B90076EE93 /* Sources */ = {
			isa = PBXSourcesBuildPhase;
			buildActionMask = 2147483647;
			files = (
				30E7106E239243B90076EE93 /* kangweiUITests.swift in Sources */,
			);
			runOnlyForDeploymentPostprocessing = 0;
		};
/* End PBXSourcesBuildPhase section */

/* Begin PBXTargetDependency section */
		30E71060239243B90076EE93 /* PBXTargetDependency */ = {
			isa = PBXTargetDependency;
			target = 30E71047239243B70076EE93 /* kangwei */;
			targetProxy = 30E7105F239243B90076EE93 /* PBXContainerItemProxy */;
		};
		30E7106B239243B90076EE93 /* PBXTargetDependency */ = {
			isa = PBXTargetDependency;
			target = 30E71047239243B70076EE93 /* kangwei */;
			targetProxy = 30E7106A239243B90076EE93 /* PBXContainerItemProxy */;
		};
/* End PBXTargetDependency section */

/* Begin PBXVariantGroup section */
		30E71056239243B90076EE93 /* LaunchScreen.storyboard */ = {
			isa = PBXVariantGroup;
			children = (
				30E71057239243B90076EE93 /* Base */,
			);
			name = LaunchScreen.storyboard;
			sourceTree = "<group>";
		};
/* End PBXVariantGroup section */

/* Begin XCBuildConfiguration section */
		30E71070239243B90076EE93 /* Debug */ = {
			isa = XCBuildConfiguration;
			buildSettings = {
				ALWAYS_SEARCH_USER_PATHS = NO;
				CLANG_ANALYZER_NONNULL = YES;
				CLANG_ANALYZER_NUMBER_OBJECT_CONVERSION = YES_AGGRESSIVE;
				CLANG_CXX_LANGUAGE_STANDARD = "gnu++14";
				CLANG_CXX_LIBRARY = "libc++";
				CLANG_ENABLE_MODULES = YES;
				CLANG_ENABLE_OBJC_ARC = YES;
				CLANG_ENABLE_OBJC_WEAK = YES;
				CLANG_WARN_BLOCK_CAPTURE_AUTORELEASING = YES;
				CLANG_WARN_BOOL_CONVERSION = YES;
				CLANG_WARN_COMMA = YES;
				CLANG_WARN_CONSTANT_CONVERSION = YES;
				CLANG_WARN_DEPRECATED_OBJC_IMPLEMENTATIONS = YES;
				CLANG_WARN_DIRECT_OBJC_ISA_USAGE = YES_ERROR;
				CLANG_WARN_DOCUMENTATION_COMMENTS = YES;
				CLANG_WARN_EMPTY_BODY = YES;
				CLANG_WARN_ENUM_CONVERSION = YES;
				CLANG_WARN_INFINITE_RECURSION = YES;
				CLANG_WARN_INT_CONVERSION = YES;
				CLANG_WARN_NON_LITERAL_NULL_CONVERSION = YES;
				CLANG_WARN_OBJC_IMPLICIT_RETAIN_SELF = YES;
				CLANG_WARN_OBJC_LITERAL_CONVERSION = YES;
				CLANG_WARN_OBJC_ROOT_CLASS = YES_ERROR;
				CLANG_WARN_RANGE_LOOP_ANALYSIS = YES;
				CLANG_WARN_STRICT_PROTOTYPES = YES;
				CLANG_WARN_SUSPICIOUS_MOVE = YES;
				CLANG_WARN_UNGUARDED_AVAILABILITY = YES_AGGRESSIVE;
				CLANG_WARN_UNREACHABLE_CODE = YES;
				CLANG_WARN__DUPLICATE_METHOD_MATCH = YES;
				COPY_PHASE_STRIP = NO;
				DEBUG_INFORMATION_FORMAT = dwarf;
				ENABLE_STRICT_OBJC_MSGSEND = YES;
				ENABLE_TESTABILITY = YES;
				GCC_C_LANGUAGE_STANDARD = gnu11;
				GCC_DYNAMIC_NO_PIC = NO;
				GCC_NO_COMMON_BLOCKS = YES;
				GCC_OPTIMIZATION_LEVEL = 0;
				GCC_PREPROCESSOR_DEFINITIONS = (
					"DEBUG=1",
					"$(inherited)",
				);
				GCC_WARN_64_TO_32_BIT_CONVERSION = YES;
				GCC_WARN_ABOUT_RETURN_TYPE = YES_ERROR;
				GCC_WARN_UNDECLARED_SELECTOR = YES;
				GCC_WARN_UNINITIALIZED_AUTOS = YES_AGGRESSIVE;
				GCC_WARN_UNUSED_FUNCTION = YES;
				GCC_WARN_UNUSED_VARIABLE = YES;
				IPHONEOS_DEPLOYMENT_TARGET = 13.2;
				MTL_ENABLE_DEBUG_INFO = INCLUDE_SOURCE;
				MTL_FAST_MATH = YES;
				ONLY_ACTIVE_ARCH = YES;
				SDKROOT = iphoneos;
				SWIFT_ACTIVE_COMPILATION_CONDITIONS = DEBUG;
				SWIFT_OPTIMIZATION_LEVEL = "-Onone";
			};
			name = Debug;
		};
		30E71071239243B90076EE93 /* Release */ = {
			isa = XCBuildConfiguration;
			buildSettings = {
				ALWAYS_SEARCH_USER_PATHS = NO;
				CLANG_ANALYZER_NONNULL = YES;
				CLANG_ANALYZER_NUMBER_OBJECT_CONVERSION = YES_AGGRESSIVE;
				CLANG_CXX_LANGUAGE_STANDARD = "gnu++14";
				CLANG_CXX_LIBRARY = "libc++";
				CLANG_ENABLE_MODULES = YES;
				CLANG_ENABLE_OBJC_ARC = YES;
				CLANG_ENABLE_OBJC_WEAK = YES;
				CLANG_WARN_BLOCK_CAPTURE_AUTORELEASING = YES;
				CLANG_WARN_BOOL_CONVERSION = YES;
				CLANG_WARN_COMMA = YES;
				CLANG_WARN_CONSTANT_CONVERSION = YES;
				CLANG_WARN_DEPRECATED_OBJC_IMPLEMENTATIONS = YES;
				CLANG_WARN_DIRECT_OBJC_ISA_USAGE = YES_ERROR;
				CLANG_WARN_DOCUMENTATION_COMMENTS = YES;
				CLANG_WARN_EMPTY_BODY = YES;
				CLANG_WARN_ENUM_CONVERSION = YES;
				CLANG_WARN_INFINITE_RECURSION = YES;
				CLANG_WARN_INT_CONVERSION = YES;
				CLANG_WARN_NON_LITERAL_NULL_CONVERSION = YES;
				CLANG_WARN_OBJC_IMPLICIT_RETAIN_SELF = YES;
				CLANG_WARN_OBJC_LITERAL_CONVERSION = YES;
				CLANG_WARN_OBJC_ROOT_CLASS = YES_ERROR;
				CLANG_WARN_RANGE_LOOP_ANALYSIS = YES;
				CLANG_WARN_STRICT_PROTOTYPES = YES;
				CLANG_WARN_SUSPICIOUS_MOVE = YES;
				CLANG_WARN_UNGUARDED_AVAILABILITY = YES_AGGRESSIVE;
				CLANG_WARN_UNREACHABLE_CODE = YES;
				CLANG_WARN__DUPLICATE_METHOD_MATCH = YES;
				COPY_PHASE_STRIP = NO;
				DEBUG_INFORMATION_FORMAT = "dwarf-with-dsym";
				ENABLE_NS_ASSERTIONS = NO;
				ENABLE_STRICT_OBJC_MSGSEND = YES;
				GCC_C_LANGUAGE_STANDARD = gnu11;
				GCC_NO_COMMON_BLOCKS = YES;
				GCC_WARN_64_TO_32_BIT_CONVERSION = YES;
				GCC_WARN_ABOUT_RETURN_TYPE = YES_ERROR;
				GCC_WARN_UNDECLARED_SELECTOR = YES;
				GCC_WARN_UNINITIALIZED_AUTOS = YES_AGGRESSIVE;
				GCC_WARN_UNUSED_FUNCTION = YES;
				GCC_WARN_UNUSED_VARIABLE = YES;
				IPHONEOS_DEPLOYMENT_TARGET = 13.2;
				MTL_ENABLE_DEBUG_INFO = NO;
				MTL_FAST_MATH = YES;
				SDKROOT = iphoneos;
				SWIFT_COMPILATION_MODE = wholemodule;
				SWIFT_OPTIMIZATION_LEVEL = "-O";
				VALIDATE_PRODUCT = YES;
			};
			name = Release;
		};
		30E71073239243B90076EE93 /* Debug */ = {
			isa = XCBuildConfiguration;
			buildSettings = {
				ASSETCATALOG_COMPILER_APPICON_NAME = AppIcon;
				CODE_SIGN_STYLE = Automatic;
				DEVELOPMENT_ASSET_PATHS = "\"kangwei/Preview Content\"";
				DEVELOPMENT_TEAM = VJK4963KWX;
				ENABLE_PREVIEWS = YES;
				INFOPLIST_FILE = kangwei/Info.plist;
				IPHONEOS_DEPLOYMENT_TARGET = 13.1;
				LD_RUNPATH_SEARCH_PATHS = (
					"$(inherited)",
					"@executable_path/Frameworks",
				);
				PRODUCT_BUNDLE_IDENTIFIER = kangwei.kangwei;
				PRODUCT_NAME = "$(TARGET_NAME)";
				SWIFT_VERSION = 5.0;
				TARGETED_DEVICE_FAMILY = "1,2";
			};
			name = Debug;
		};
		30E71074239243B90076EE93 /* Release */ = {
			isa = XCBuildConfiguration;
			buildSettings = {
				ASSETCATALOG_COMPILER_APPICON_NAME = AppIcon;
				CODE_SIGN_STYLE = Automatic;
				DEVELOPMENT_ASSET_PATHS = "\"kangwei/Preview Content\"";
				DEVELOPMENT_TEAM = VJK4963KWX;
				ENABLE_PREVIEWS = YES;
				INFOPLIST_FILE = kangwei/Info.plist;
				IPHONEOS_DEPLOYMENT_TARGET = 13.1;
				LD_RUNPATH_SEARCH_PATHS = (
					"$(inherited)",
					"@executable_path/Frameworks",
				);
				PRODUCT_BUNDLE_IDENTIFIER = kangwei.kangwei;
				PRODUCT_NAME = "$(TARGET_NAME)";
				SWIFT_VERSION = 5.0;
				TARGETED_DEVICE_FAMILY = "1,2";
			};
			name = Release;
		};
		30E71076239243B90076EE93 /* Debug */ = {
			isa = XCBuildConfiguration;
			buildSettings = {
				ALWAYS_EMBED_SWIFT_STANDARD_LIBRARIES = YES;
				CODE_SIGN_STYLE = Automatic;
				DEVELOPMENT_TEAM = VJK4963KWX;
				INFOPLIST_FILE = kangweiTests/Info.plist;
				IPHONEOS_DEPLOYMENT_TARGET = 13.2;
				LD_RUNPATH_SEARCH_PATHS = (
					"$(inherited)",
					"@executable_path/Frameworks",
					"@loader_path/Frameworks",
				);
				PRODUCT_BUNDLE_IDENTIFIER = kangwei.kangweiTests;
				PRODUCT_NAME = "$(TARGET_NAME)";
				SWIFT_VERSION = 5.0;
				TARGETED_DEVICE_FAMILY = "1,2";
				TEST_HOST = "$(BUILT_PRODUCTS_DIR)/kangwei.app/kangwei";
			};
			name = Debug;
		};
		30E71077239243B90076EE93 /* Release */ = {
			isa = XCBuildConfiguration;
			buildSettings = {
				ALWAYS_EMBED_SWIFT_STANDARD_LIBRARIES = YES;
				CODE_SIGN_STYLE = Automatic;
				DEVELOPMENT_TEAM = VJK4963KWX;
				INFOPLIST_FILE = kangweiTests/Info.plist;
				IPHONEOS_DEPLOYMENT_TARGET = 13.2;
				LD_RUNPATH_SEARCH_PATHS = (
					"$(inherited)",
					"@executable_path/Frameworks",
					"@loader_path/Frameworks",
				);
				PRODUCT_BUNDLE_IDENTIFIER = kangwei.kangweiTests;
				PRODUCT_NAME = "$(TARGET_NAME)";
				SWIFT_VERSION = 5.0;
				TARGETED_DEVICE_FAMILY = "1,2";
				TEST_HOST = "$(BUILT_PRODUCTS_DIR)/kangwei.app/kangwei";
			};
			name = Release;
		};
		30E71079239243B90076EE93 /* Debug */ = {
			isa = XCBuildConfiguration;
			buildSettings = {
				ALWAYS_EMBED_SWIFT_STANDARD_LIBRARIES = YES;
				CODE_SIGN_STYLE = Automatic;
				DEVELOPMENT_TEAM = VJK4963KWX;
				INFOPLIST_FILE = kangweiUITests/Info.plist;
				LD_RUNPATH_SEARCH_PATHS = (
					"$(inherited)",
					"@executable_path/Frameworks",
					"@loader_path/Frameworks",
				);
				PRODUCT_BUNDLE_IDENTIFIER = kangwei.kangweiUITests;
				PRODUCT_NAME = "$(TARGET_NAME)";
				SWIFT_VERSION = 5.0;
				TARGETED_DEVICE_FAMILY = "1,2";
				TEST_TARGET_NAME = kangwei;
			};
			name = Debug;
		};
		30E7107A239243B90076EE93 /* Release */ = {
			isa = XCBuildConfiguration;
			buildSettings = {
				ALWAYS_EMBED_SWIFT_STANDARD_LIBRARIES = YES;
				CODE_SIGN_STYLE = Automatic;
				DEVELOPMENT_TEAM = VJK4963KWX;
				INFOPLIST_FILE = kangweiUITests/Info.plist;
				LD_RUNPATH_SEARCH_PATHS = (
					"$(inherited)",
					"@executable_path/Frameworks",
					"@loader_path/Frameworks",
				);
				PRODUCT_BUNDLE_IDENTIFIER = kangwei.kangweiUITests;
				PRODUCT_NAME = "$(TARGET_NAME)";
				SWIFT_VERSION = 5.0;
				TARGETED_DEVICE_FAMILY = "1,2";
				TEST_TARGET_NAME = kangwei;
			};
			name = Release;
		};
/* End XCBuildConfiguration section */

/* Begin XCConfigurationList section */
		30E71043239243B70076EE93 /* Build configuration list for PBXProject "kangwei" */ = {
			isa = XCConfigurationList;
			buildConfigurations = (
				30E71070239243B90076EE93 /* Debug */,
				30E71071239243B90076EE93 /* Release */,
			);
			defaultConfigurationIsVisible = 0;
			defaultConfigurationName = Release;
		};
		30E71072239243B90076EE93 /* Build configuration list for PBXNativeTarget "kangwei" */ = {
			isa = XCConfigurationList;
			buildConfigurations = (
				30E71073239243B90076EE93 /* Debug */,
				30E71074239243B90076EE93 /* Release */,
			);
			defaultConfigurationIsVisible = 0;
			defaultConfigurationName = Release;
		};
		30E71075239243B90076EE93 /* Build configuration list for PBXNativeTarget "kangweiTests" */ = {
			isa = XCConfigurationList;
			buildConfigurations = (
				30E71076239243B90076EE93 /* Debug */,
				30E71077239243B90076EE93 /* Release */,
			);
			defaultConfigurationIsVisible = 0;
			defaultConfigurationName = Release;
		};
		30E71078239243B90076EE93 /* Build configuration list for PBXNativeTarget "kangweiUITests" */ = {
			isa = XCConfigurationList;
			buildConfigurations = (
				30E71079239243B90076EE93 /* Debug */,
				30E7107A239243B90076EE93 /* Release */,
			);
			defaultConfigurationIsVisible = 0;
			defaultConfigurationName = Release;
		};
/* End XCConfigurationList section */
	};
	rootObject = 30E71040239243B70076EE93 /* Project object */;
}
